# @generated by Move, please check-in and do not edit manually.

[move]
version = 0
manifest_digest = "F35D97DECF1B4CDF5C95B03AE22BCA369169E735CE7B97924D213D2924D05773"
deps_digest = "F8BBB0CCB2491CA29A3DF03D6F92277A4F3574266507ACD77214D37ECA3F3082"

dependencies = [
  { name = "Mgo" },
]

[[move.package]]
name = "Mgo"
source = { git = "https://github.com/MangoNetworkOs/Mango.git", rev = "framework/devnet", subdir = "crates/mgo-framework/packages/mgo-framework" }

dependencies = [
  { name = "MoveStdlib" },
]

[[move.package]]
name = "MoveStdlib"
source = { git = "https://github.com/MangoNetworkOs/Mango.git", rev = "framework/devnet", subdir = "crates/mgo-framework/packages/move-stdlib" }
